
Microsoft Visual Studio Solution File, Format Version 12.00
# Visual Studio Version 17
VisualStudioVersion = 17.4.33122.133
MinimumVisualStudioVersion = 10.0.40219.1
Project("{FAE04EC0-301F-11D3-BF4B-00C04F79EFBC}") = "LaddersAndRopes", "LaddersAndRopes\LaddersAndRopes.csproj", "{D7E373EC-9DE6-4905-AEAC-E6062C906CA4}"
EndProject
Global
	GlobalSection(SolutionConfigurationPlatforms) = preSolution
		Debug|Any CPU = Debug|Any CPU
		Release|Any CPU = Release|Any CPU
	EndGlobalSection
	GlobalSection(ProjectConfigurationPlatforms) = postSolution
		{D7E373EC-9DE6-4905-AEAC-E6062C906CA4}.Debug|Any CPU.ActiveCfg = Debug|Any CPU
		{D7E373EC-9DE6-4905-AEAC-E6062C906CA4}.Debug|Any CPU.Build.0 = Debug|Any CPU
		{D7E373EC-9DE6-4905-AEAC-E6062C906CA4}.Release|Any CPU.ActiveCfg = Release|Any CPU
		{D7E373EC-9DE6-4905-AEAC-E6062C906CA4}.Release|Any CPU.Build.0 = Release|Any CPU
	EndGlobalSection
	GlobalSection(SolutionProperties) = preSolution
		HideSolutionNode = FALSE
	EndGlobalSection
	GlobalSection(ExtensibilityGlobals) = postSolution
		SolutionGuid = {E02FD8DF-A95B-4B94-856C-E23A02E99D7D}
	EndGlobalSection
EndGlobal
